{
  "name": "01",
  "version": "1.0.0",
  "lockfileVersion": 2,
  "requires": true,
  "packages": {
    "": {
      "name": "01",
      "version": "1.0.0",
      "license": "ISC",
      "dependencies": {
        "get-form-data": "^3.0.0"
      }
    },
    "node_modules/get-form-data": {
      "version": "3.0.0",
      "resolved": "https://registry.npmjs.org/get-form-data/-/get-form-data-3.0.0.tgz",
      "integrity": "sha512-1d53Kn08wlPuLu31/boF1tW2WRYKw3xAWae3mqcjqpDjoqVBtXolbQnudbbEFyFWL7+2SLGRAFdotxNY06V7MA=="
    }
  },
  "dependencies": {
    "get-form-data": {
      "version": "3.0.0",
      "resolved": "https://registry.npmjs.org/get-form-data/-/get-form-data-3.0.0.tgz",
      "integrity": "sha512-1d53Kn08wlPuLu31/boF1tW2WRYKw3xAWae3mqcjqpDjoqVBtXolbQnudbbEFyFWL7+2SLGRAFdotxNY06V7MA=="
    }
  }
}
